// !$*UTF8*$!
{
	archiveVersion = 1;
	classes = {
	};
	objectVersion = 56;
	objects = {

/* Begin PBXBuildFile section */
		A02B638C2BF1063B0014EE5B /* ContactUsView.swift in Sources */ = {isa = PBXBuildFile; fileRef = A02B638B2BF1063B0014EE5B /* ContactUsView.swift */; };
		A02B638E2BF106950014EE5B /* InputView.swift in Sources */ = {isa = PBXBuildFile; fileRef = A02B638D2BF106950014EE5B /* InputView.swift */; };
		A02B63902BF116040014EE5B /* OrdersView.swift in Sources */ = {isa = PBXBuildFile; fileRef = A02B638F2BF116040014EE5B /* OrdersView.swift */; };
		A04D648F2BF1FD92002725FC /* NewOrderView.swift in Sources */ = {isa = PBXBuildFile; fileRef = A04D648E2BF1FD92002725FC /* NewOrderView.swift */; };
		A08F4B5F2BF0D6E700EE3585 /* Extension + Color.swift in Sources */ = {isa = PBXBuildFile; fileRef = A08F4B5E2BF0D6E700EE3585 /* Extension + Color.swift */; };
		A0C5AF242BF356EA00A91710 /* Extension + String.swift in Sources */ = {isa = PBXBuildFile; fileRef = A0C5AF232BF356EA00A91710 /* Extension + String.swift */; };
		A0C5AF262BF35CF900A91710 /* ExpandableView.swift in Sources */ = {isa = PBXBuildFile; fileRef = A0C5AF252BF35CF900A91710 /* ExpandableView.swift */; };
		A0C5AF292BF35DEB00A91710 /* ThumbnailView.swift in Sources */ = {isa = PBXBuildFile; fileRef = A0C5AF282BF35DEB00A91710 /* ThumbnailView.swift */; };
		A0C5AF2B2BF35E1A00A91710 /* ExpandedView.swift in Sources */ = {isa = PBXBuildFile; fileRef = A0C5AF2A2BF35E1A00A91710 /* ExpandedView.swift */; };
		A0D8EA322BEFFC7A00529E5C /* LogistixApp.swift in Sources */ = {isa = PBXBuildFile; fileRef = A0D8EA312BEFFC7A00529E5C /* LogistixApp.swift */; };
		A0D8EA342BEFFC7A00529E5C /* ContentView.swift in Sources */ = {isa = PBXBuildFile; fileRef = A0D8EA332BEFFC7A00529E5C /* ContentView.swift */; };
		A0D8EA362BEFFC7A00529E5C /* Assets.xcassets in Resources */ = {isa = PBXBuildFile; fileRef = A0D8EA352BEFFC7A00529E5C /* Assets.xcassets */; };
		A0D8EA392BEFFC7A00529E5C /* Preview Assets.xcassets in Resources */ = {isa = PBXBuildFile; fileRef = A0D8EA382BEFFC7A00529E5C /* Preview Assets.xcassets */; };
		A0D8EA432BEFFDD200529E5C /* StartView.swift in Sources */ = {isa = PBXBuildFile; fileRef = A0D8EA422BEFFDD200529E5C /* StartView.swift */; };
		A0E36DA02BF015F300A4B8AE /* Extension + View.swift in Sources */ = {isa = PBXBuildFile; fileRef = A0E36D9F2BF015F300A4B8AE /* Extension + View.swift */; };
		A0E36DA22BF0177A00A4B8AE /* CustomButtonView.swift in Sources */ = {isa = PBXBuildFile; fileRef = A0E36DA12BF0177A00A4B8AE /* CustomButtonView.swift */; };
		A0E39B322BF27D010055503E /* Order.swift in Sources */ = {isa = PBXBuildFile; fileRef = A0E39B312BF27D010055503E /* Order.swift */; };
		A0E39B392BF27E8B0055503E /* OrdersViewModel.swift in Sources */ = {isa = PBXBuildFile; fileRef = A0E39B382BF27E8B0055503E /* OrdersViewModel.swift */; };
		A0E39B3D2BF284E20055503E /* StartViewModel.swift in Sources */ = {isa = PBXBuildFile; fileRef = A0E39B3C2BF284E20055503E /* StartViewModel.swift */; };
		A0F6EBA62BF291A000E279BF /* TabButton.swift in Sources */ = {isa = PBXBuildFile; fileRef = A0F6EBA52BF291A000E279BF /* TabButton.swift */; };
		A0F6EBA82BF294EF00E279BF /* CustomCorners.swift in Sources */ = {isa = PBXBuildFile; fileRef = A0F6EBA72BF294EF00E279BF /* CustomCorners.swift */; };
		A0F6EBAA2BF2999F00E279BF /* SideMenu.swift in Sources */ = {isa = PBXBuildFile; fileRef = A0F6EBA92BF2999F00E279BF /* SideMenu.swift */; };
		A0F6EBAC2BF29AAB00E279BF /* Home.swift in Sources */ = {isa = PBXBuildFile; fileRef = A0F6EBAB2BF29AAB00E279BF /* Home.swift */; };
		A0F6EBB12BF2AA3400E279BF /* MainView.swift in Sources */ = {isa = PBXBuildFile; fileRef = A0F6EBB02BF2AA3400E279BF /* MainView.swift */; };
		A0F6EBB72BF2BB1F00E279BF /* LoginView.swift in Sources */ = {isa = PBXBuildFile; fileRef = A0F6EBB62BF2BB1F00E279BF /* LoginView.swift */; };
		A0F6EBB92BF2BD1600E279BF /* RegistrationView.swift in Sources */ = {isa = PBXBuildFile; fileRef = A0F6EBB82BF2BD1600E279BF /* RegistrationView.swift */; };
		A0F6EBBB2BF2BF7300E279BF /* AuthViewModel.swift in Sources */ = {isa = PBXBuildFile; fileRef = A0F6EBBA2BF2BF7300E279BF /* AuthViewModel.swift */; };
/* End PBXBuildFile section */

/* Begin PBXFileReference section */
		A02B638B2BF1063B0014EE5B /* ContactUsView.swift */ = {isa = PBXFileReference; lastKnownFileType = sourcecode.swift; path = ContactUsView.swift; sourceTree = "<group>"; };
		A02B638D2BF106950014EE5B /* InputView.swift */ = {isa = PBXFileReference; lastKnownFileType = sourcecode.swift; path = InputView.swift; sourceTree = "<group>"; };
		A02B638F2BF116040014EE5B /* OrdersView.swift */ = {isa = PBXFileReference; lastKnownFileType = sourcecode.swift; path = OrdersView.swift; sourceTree = "<group>"; };
		A04D648E2BF1FD92002725FC /* NewOrderView.swift */ = {isa = PBXFileReference; lastKnownFileType = sourcecode.swift; path = NewOrderView.swift; sourceTree = "<group>"; };
		A08F4B5E2BF0D6E700EE3585 /* Extension + Color.swift */ = {isa = PBXFileReference; lastKnownFileType = sourcecode.swift; path = "Extension + Color.swift"; sourceTree = "<group>"; };
		A0C5AF232BF356EA00A91710 /* Extension + String.swift */ = {isa = PBXFileReference; lastKnownFileType = sourcecode.swift; path = "Extension + String.swift"; sourceTree = "<group>"; };
		A0C5AF252BF35CF900A91710 /* ExpandableView.swift */ = {isa = PBXFileReference; lastKnownFileType = sourcecode.swift; path = ExpandableView.swift; sourceTree = "<group>"; };
		A0C5AF282BF35DEB00A91710 /* ThumbnailView.swift */ = {isa = PBXFileReference; lastKnownFileType = sourcecode.swift; path = ThumbnailView.swift; sourceTree = "<group>"; };
		A0C5AF2A2BF35E1A00A91710 /* ExpandedView.swift */ = {isa = PBXFileReference; lastKnownFileType = sourcecode.swift; path = ExpandedView.swift; sourceTree = "<group>"; };
		A0D8EA2E2BEFFC7A00529E5C /* Logistix.app */ = {isa = PBXFileReference; explicitFileType = wrapper.application; includeInIndex = 0; path = Logistix.app; sourceTree = BUILT_PRODUCTS_DIR; };
		A0D8EA312BEFFC7A00529E5C /* LogistixApp.swift */ = {isa = PBXFileReference; lastKnownFileType = sourcecode.swift; path = LogistixApp.swift; sourceTree = "<group>"; };
		A0D8EA332BEFFC7A00529E5C /* ContentView.swift */ = {isa = PBXFileReference; lastKnownFileType = sourcecode.swift; path = ContentView.swift; sourceTree = "<group>"; };
		A0D8EA352BEFFC7A00529E5C /* Assets.xcassets */ = {isa = PBXFileReference; lastKnownFileType = folder.assetcatalog; path = Assets.xcassets; sourceTree = "<group>"; };
		A0D8EA382BEFFC7A00529E5C /* Preview Assets.xcassets */ = {isa = PBXFileReference; lastKnownFileType = folder.assetcatalog; path = "Preview Assets.xcassets"; sourceTree = "<group>"; };
		A0D8EA422BEFFDD200529E5C /* StartView.swift */ = {isa = PBXFileReference; lastKnownFileType = sourcecode.swift; path = StartView.swift; sourceTree = "<group>"; };
		A0E36D9F2BF015F300A4B8AE /* Extension + View.swift */ = {isa = PBXFileReference; lastKnownFileType = sourcecode.swift; path = "Extension + View.swift"; sourceTree = "<group>"; };
		A0E36DA12BF0177A00A4B8AE /* CustomButtonView.swift */ = {isa = PBXFileReference; lastKnownFileType = sourcecode.swift; path = CustomButtonView.swift; sourceTree = "<group>"; };
		A0E39B312BF27D010055503E /* Order.swift */ = {isa = PBXFileReference; lastKnownFileType = sourcecode.swift; path = Order.swift; sourceTree = "<group>"; };
		A0E39B382BF27E8B0055503E /* OrdersViewModel.swift */ = {isa = PBXFileReference; lastKnownFileType = sourcecode.swift; path = OrdersViewModel.swift; sourceTree = "<group>"; };
		A0E39B3C2BF284E20055503E /* StartViewModel.swift */ = {isa = PBXFileReference; lastKnownFileType = sourcecode.swift; path = StartViewModel.swift; sourceTree = "<group>"; };
		A0F6EBA52BF291A000E279BF /* TabButton.swift */ = {isa = PBXFileReference; lastKnownFileType = sourcecode.swift; path = TabButton.swift; sourceTree = "<group>"; };
		A0F6EBA72BF294EF00E279BF /* CustomCorners.swift */ = {isa = PBXFileReference; lastKnownFileType = sourcecode.swift; path = CustomCorners.swift; sourceTree = "<group>"; };
		A0F6EBA92BF2999F00E279BF /* SideMenu.swift */ = {isa = PBXFileReference; lastKnownFileType = sourcecode.swift; path = SideMenu.swift; sourceTree = "<group>"; };
		A0F6EBAB2BF29AAB00E279BF /* Home.swift */ = {isa = PBXFileReference; lastKnownFileType = sourcecode.swift; path = Home.swift; sourceTree = "<group>"; };
		A0F6EBB02BF2AA3400E279BF /* MainView.swift */ = {isa = PBXFileReference; lastKnownFileType = sourcecode.swift; path = MainView.swift; sourceTree = "<group>"; };
		A0F6EBB62BF2BB1F00E279BF /* LoginView.swift */ = {isa = PBXFileReference; lastKnownFileType = sourcecode.swift; path = LoginView.swift; sourceTree = "<group>"; };
		A0F6EBB82BF2BD1600E279BF /* RegistrationView.swift */ = {isa = PBXFileReference; lastKnownFileType = sourcecode.swift; path = RegistrationView.swift; sourceTree = "<group>"; };
		A0F6EBBA2BF2BF7300E279BF /* AuthViewModel.swift */ = {isa = PBXFileReference; lastKnownFileType = sourcecode.swift; path = AuthViewModel.swift; sourceTree = "<group>"; };
/* End PBXFileReference section */

/* Begin PBXFrameworksBuildPhase section */
		A0D8EA2B2BEFFC7A00529E5C /* Frameworks */ = {
			isa = PBXFrameworksBuildPhase;
			buildActionMask = 2147483647;
			files = (
			);
			runOnlyForDeploymentPostprocessing = 0;
		};
/* End PBXFrameworksBuildPhase section */

/* Begin PBXGroup section */
		A02B638A2BF0EEDD0014EE5B /* Resources */ = {
			isa = PBXGroup;
			children = (
				A0D8EA352BEFFC7A00529E5C /* Assets.xcassets */,
			);
			path = Resources;
			sourceTree = "<group>";
		};
		A0D8EA252BEFFC7A00529E5C = {
			isa = PBXGroup;
			children = (
				A0D8EA302BEFFC7A00529E5C /* Logistix */,
				A0D8EA2F2BEFFC7A00529E5C /* Products */,
			);
			sourceTree = "<group>";
		};
		A0D8EA2F2BEFFC7A00529E5C /* Products */ = {
			isa = PBXGroup;
			children = (
				A0D8EA2E2BEFFC7A00529E5C /* Logistix.app */,
			);
			name = Products;
			sourceTree = "<group>";
		};
		A0D8EA302BEFFC7A00529E5C /* Logistix */ = {
			isa = PBXGroup;
			children = (
				A0D8EA402BEFFCB800529E5C /* App */,
				A0D8EA412BEFFCC700529E5C /* Components */,
				A0E36D9D2BF015D600A4B8AE /* Extensions */,
				A0E39B302BF27CEF0055503E /* Models */,
				A02B638A2BF0EEDD0014EE5B /* Resources */,
				A0D8EA3F2BEFFCB300529E5C /* Views */,
				A0D8EA372BEFFC7A00529E5C /* Preview Content */,
			);
			path = Logistix;
			sourceTree = "<group>";
		};
		A0D8EA372BEFFC7A00529E5C /* Preview Content */ = {
			isa = PBXGroup;
			children = (
				A0D8EA382BEFFC7A00529E5C /* Preview Assets.xcassets */,
			);
			path = "Preview Content";
			sourceTree = "<group>";
		};
		A0D8EA3F2BEFFCB300529E5C /* Views */ = {
			isa = PBXGroup;
			children = (
				A0F6EBB32BF2BACF00E279BF /* Authentication */,
				A0E39B342BF27E460055503E /* ContactUs */,
				A0E39B332BF27E3C0055503E /* Content */,
				A0F6EBB22BF2AD1800E279BF /* MenuView */,
				A0E39B362BF27E670055503E /* Orders */,
				A0E39B372BF27E710055503E /* Start */,
			);
			path = Views;
			sourceTree = "<group>";
		};
		A0D8EA402BEFFCB800529E5C /* App */ = {
			isa = PBXGroup;
			children = (
				A0D8EA312BEFFC7A00529E5C /* LogistixApp.swift */,
			);
			path = App;
			sourceTree = "<group>";
		};
		A0D8EA412BEFFCC700529E5C /* Components */ = {
			isa = PBXGroup;
			children = (
				A0F6EBA72BF294EF00E279BF /* CustomCorners.swift */,
				A0E36DA12BF0177A00A4B8AE /* CustomButtonView.swift */,
				A0C5AF252BF35CF900A91710 /* ExpandableView.swift */,
				A0C5AF2A2BF35E1A00A91710 /* ExpandedView.swift */,
				A0F6EBA92BF2999F00E279BF /* SideMenu.swift */,
				A0F6EBA52BF291A000E279BF /* TabButton.swift */,
				A0C5AF282BF35DEB00A91710 /* ThumbnailView.swift */,
				A02B638D2BF106950014EE5B /* InputView.swift */,
			);
			path = Components;
			sourceTree = "<group>";
		};
		A0E36D9D2BF015D600A4B8AE /* Extensions */ = {
			isa = PBXGroup;
			children = (
				A08F4B5E2BF0D6E700EE3585 /* Extension + Color.swift */,
				A0E36D9F2BF015F300A4B8AE /* Extension + View.swift */,
				A0C5AF232BF356EA00A91710 /* Extension + String.swift */,
			);
			path = Extensions;
			sourceTree = "<group>";
		};
		A0E39B302BF27CEF0055503E /* Models */ = {
			isa = PBXGroup;
			children = (
				A0E39B312BF27D010055503E /* Order.swift */,
			);
			path = Models;
			sourceTree = "<group>";
		};
		A0E39B332BF27E3C0055503E /* Content */ = {
			isa = PBXGroup;
			children = (
				A0D8EA332BEFFC7A00529E5C /* ContentView.swift */,
			);
			path = Content;
			sourceTree = "<group>";
		};
		A0E39B342BF27E460055503E /* ContactUs */ = {
			isa = PBXGroup;
			children = (
				A02B638B2BF1063B0014EE5B /* ContactUsView.swift */,
			);
			path = ContactUs;
			sourceTree = "<group>";
		};
		A0E39B362BF27E670055503E /* Orders */ = {
			isa = PBXGroup;
			children = (
				A0E39B3E2BF2850A0055503E /* Views */,
				A0E39B3F2BF2851C0055503E /* ViewModels */,
			);
			path = Orders;
			sourceTree = "<group>";
		};
		A0E39B372BF27E710055503E /* Start */ = {
			isa = PBXGroup;
			children = (
				A0D8EA422BEFFDD200529E5C /* StartView.swift */,
				A0E39B3C2BF284E20055503E /* StartViewModel.swift */,
			);
			path = Start;
			sourceTree = "<group>";
		};
		A0E39B3E2BF2850A0055503E /* Views */ = {
			isa = PBXGroup;
			children = (
				A04D648E2BF1FD92002725FC /* NewOrderView.swift */,
				A02B638F2BF116040014EE5B /* OrdersView.swift */,
			);
			path = Views;
			sourceTree = "<group>";
		};
		A0E39B3F2BF2851C0055503E /* ViewModels */ = {
			isa = PBXGroup;
			children = (
				A0E39B382BF27E8B0055503E /* OrdersViewModel.swift */,
			);
			path = ViewModels;
			sourceTree = "<group>";
		};
		A0F6EBB22BF2AD1800E279BF /* MenuView */ = {
			isa = PBXGroup;
			children = (
				A0F6EBAB2BF29AAB00E279BF /* Home.swift */,
				A0F6EBB02BF2AA3400E279BF /* MainView.swift */,
			);
			path = MenuView;
			sourceTree = "<group>";
		};
		A0F6EBB32BF2BACF00E279BF /* Authentication */ = {
			isa = PBXGroup;
			children = (
				A0F6EBB42BF2BADF00E279BF /* View */,
				A0F6EBB52BF2BB0E00E279BF /* ViewModel */,
			);
			path = Authentication;
			sourceTree = "<group>";
		};
		A0F6EBB42BF2BADF00E279BF /* View */ = {
			isa = PBXGroup;
			children = (
				A0F6EBB62BF2BB1F00E279BF /* LoginView.swift */,
				A0F6EBB82BF2BD1600E279BF /* RegistrationView.swift */,
			);
			path = View;
			sourceTree = "<group>";
		};
		A0F6EBB52BF2BB0E00E279BF /* ViewModel */ = {
			isa = PBXGroup;
			children = (
				A0F6EBBA2BF2BF7300E279BF /* AuthViewModel.swift */,
			);
			path = ViewModel;
			sourceTree = "<group>";
		};
/* End PBXGroup section */

/* Begin PBXNativeTarget section */
		A0D8EA2D2BEFFC7A00529E5C /* Logistix */ = {
			isa = PBXNativeTarget;
			buildConfigurationList = A0D8EA3C2BEFFC7A00529E5C /* Build configuration list for PBXNativeTarget "Logistix" */;
			buildPhases = (
				A0D8EA2A2BEFFC7A00529E5C /* Sources */,
				A0D8EA2B2BEFFC7A00529E5C /* Frameworks */,
				A0D8EA2C2BEFFC7A00529E5C /* Resources */,
			);
			buildRules = (
			);
			dependencies = (
			);
			name = Logistix;
			productName = Logistix;
			productReference = A0D8EA2E2BEFFC7A00529E5C /* Logistix.app */;
			productType = "com.apple.product-type.application";
		};
/* End PBXNativeTarget section */

/* Begin PBXProject section */
		A0D8EA262BEFFC7A00529E5C /* Project object */ = {
			isa = PBXProject;
			attributes = {
				BuildIndependentTargetsInParallel = 1;
				LastSwiftUpdateCheck = 1530;
				LastUpgradeCheck = 1530;
				TargetAttributes = {
					A0D8EA2D2BEFFC7A00529E5C = {
						CreatedOnToolsVersion = 15.3;
					};
				};
			};
			buildConfigurationList = A0D8EA292BEFFC7A00529E5C /* Build configuration list for PBXProject "Logistix" */;
			compatibilityVersion = "Xcode 14.0";
			developmentRegion = en;
			hasScannedForEncodings = 0;
			knownRegions = (
				en,
				Base,
			);
			mainGroup = A0D8EA252BEFFC7A00529E5C;
			productRefGroup = A0D8EA2F2BEFFC7A00529E5C /* Products */;
			projectDirPath = "";
			projectRoot = "";
			targets = (
				A0D8EA2D2BEFFC7A00529E5C /* Logistix */,
			);
		};
/* End PBXProject section */

/* Begin PBXResourcesBuildPhase section */
		A0D8EA2C2BEFFC7A00529E5C /* Resources */ = {
			isa = PBXResourcesBuildPhase;
			buildActionMask = 2147483647;
			files = (
				A0D8EA392BEFFC7A00529E5C /* Preview Assets.xcassets in Resources */,
				A0D8EA362BEFFC7A00529E5C /* Assets.xcassets in Resources */,
			);
			runOnlyForDeploymentPostprocessing = 0;
		};
/* End PBXResourcesBuildPhase section */

/* Begin PBXSourcesBuildPhase section */
		A0D8EA2A2BEFFC7A00529E5C /* Sources */ = {
			isa = PBXSourcesBuildPhase;
			buildActionMask = 2147483647;
			files = (
				A0E36DA02BF015F300A4B8AE /* Extension + View.swift in Sources */,
				A0F6EBB12BF2AA3400E279BF /* MainView.swift in Sources */,
				A02B638C2BF1063B0014EE5B /* ContactUsView.swift in Sources */,
				A04D648F2BF1FD92002725FC /* NewOrderView.swift in Sources */,
				A0F6EBAA2BF2999F00E279BF /* SideMenu.swift in Sources */,
				A08F4B5F2BF0D6E700EE3585 /* Extension + Color.swift in Sources */,
				A0F6EBA82BF294EF00E279BF /* CustomCorners.swift in Sources */,
				A0F6EBAC2BF29AAB00E279BF /* Home.swift in Sources */,
				A0D8EA432BEFFDD200529E5C /* StartView.swift in Sources */,
				A0D8EA342BEFFC7A00529E5C /* ContentView.swift in Sources */,
				A0E39B322BF27D010055503E /* Order.swift in Sources */,
				A0E39B3D2BF284E20055503E /* StartViewModel.swift in Sources */,
				A02B638E2BF106950014EE5B /* InputView.swift in Sources */,
				A0C5AF2B2BF35E1A00A91710 /* ExpandedView.swift in Sources */,
				A0F6EBA62BF291A000E279BF /* TabButton.swift in Sources */,
				A0C5AF242BF356EA00A91710 /* Extension + String.swift in Sources */,
				A0D8EA322BEFFC7A00529E5C /* LogistixApp.swift in Sources */,
				A0E39B392BF27E8B0055503E /* OrdersViewModel.swift in Sources */,
				A0F6EBB72BF2BB1F00E279BF /* LoginView.swift in Sources */,
				A0F6EBBB2BF2BF7300E279BF /* AuthViewModel.swift in Sources */,
				A0E36DA22BF0177A00A4B8AE /* CustomButtonView.swift in Sources */,
				A02B63902BF116040014EE5B /* OrdersView.swift in Sources */,
				A0C5AF292BF35DEB00A91710 /* ThumbnailView.swift in Sources */,
				A0F6EBB92BF2BD1600E279BF /* RegistrationView.swift in Sources */,
				A0C5AF262BF35CF900A91710 /* ExpandableView.swift in Sources */,
			);
			runOnlyForDeploymentPostprocessing = 0;
		};
/* End PBXSourcesBuildPhase section */

/* Begin XCBuildConfiguration section */
		A0D8EA3A2BEFFC7A00529E5C /* Debug */ = {
			isa = XCBuildConfiguration;
			buildSettings = {
				ALWAYS_SEARCH_USER_PATHS = NO;
				ASSETCATALOG_COMPILER_GENERATE_SWIFT_ASSET_SYMBOL_EXTENSIONS = YES;
				CLANG_ANALYZER_NONNULL = YES;
				CLANG_ANALYZER_NUMBER_OBJECT_CONVERSION = YES_AGGRESSIVE;
				CLANG_CXX_LANGUAGE_STANDARD = "gnu++20";
				CLANG_ENABLE_MODULES = YES;
				CLANG_ENABLE_OBJC_ARC = YES;
				CLANG_ENABLE_OBJC_WEAK = YES;
				CLANG_WARN_BLOCK_CAPTURE_AUTORELEASING = YES;
				CLANG_WARN_BOOL_CONVERSION = YES;
				CLANG_WARN_COMMA = YES;
				CLANG_WARN_CONSTANT_CONVERSION = YES;
				CLANG_WARN_DEPRECATED_OBJC_IMPLEMENTATIONS = YES;
				CLANG_WARN_DIRECT_OBJC_ISA_USAGE = YES_ERROR;
				CLANG_WARN_DOCUMENTATION_COMMENTS = YES;
				CLANG_WARN_EMPTY_BODY = YES;
				CLANG_WARN_ENUM_CONVERSION = YES;
				CLANG_WARN_INFINITE_RECURSION = YES;
				CLANG_WARN_INT_CONVERSION = YES;
				CLANG_WARN_NON_LITERAL_NULL_CONVERSION = YES;
				CLANG_WARN_OBJC_IMPLICIT_RETAIN_SELF = YES;
				CLANG_WARN_OBJC_LITERAL_CONVERSION = YES;
				CLANG_WARN_OBJC_ROOT_CLASS = YES_ERROR;
				CLANG_WARN_QUOTED_INCLUDE_IN_FRAMEWORK_HEADER = YES;
				CLANG_WARN_RANGE_LOOP_ANALYSIS = YES;
				CLANG_WARN_STRICT_PROTOTYPES = YES;
				CLANG_WARN_SUSPICIOUS_MOVE = YES;
				CLANG_WARN_UNGUARDED_AVAILABILITY = YES_AGGRESSIVE;
				CLANG_WARN_UNREACHABLE_CODE = YES;
				CLANG_WARN__DUPLICATE_METHOD_MATCH = YES;
				COPY_PHASE_STRIP = NO;
				DEBUG_INFORMATION_FORMAT = dwarf;
				ENABLE_STRICT_OBJC_MSGSEND = YES;
				ENABLE_TESTABILITY = YES;
				ENABLE_USER_SCRIPT_SANDBOXING = YES;
				GCC_C_LANGUAGE_STANDARD = gnu17;
				GCC_DYNAMIC_NO_PIC = NO;
				GCC_NO_COMMON_BLOCKS = YES;
				GCC_OPTIMIZATION_LEVEL = 0;
				GCC_PREPROCESSOR_DEFINITIONS = (
					"DEBUG=1",
					"$(inherited)",
				);
				GCC_WARN_64_TO_32_BIT_CONVERSION = YES;
				GCC_WARN_ABOUT_RETURN_TYPE = YES_ERROR;
				GCC_WARN_UNDECLARED_SELECTOR = YES;
				GCC_WARN_UNINITIALIZED_AUTOS = YES_AGGRESSIVE;
				GCC_WARN_UNUSED_FUNCTION = YES;
				GCC_WARN_UNUSED_VARIABLE = YES;
				IPHONEOS_DEPLOYMENT_TARGET = 17.4;
				LOCALIZATION_PREFERS_STRING_CATALOGS = YES;
				MTL_ENABLE_DEBUG_INFO = INCLUDE_SOURCE;
				MTL_FAST_MATH = YES;
				ONLY_ACTIVE_ARCH = YES;
				SDKROOT = iphoneos;
				SWIFT_ACTIVE_COMPILATION_CONDITIONS = "DEBUG $(inherited)";
				SWIFT_OPTIMIZATION_LEVEL = "-Onone";
			};
			name = Debug;
		};
		A0D8EA3B2BEFFC7A00529E5C /* Release */ = {
			isa = XCBuildConfiguration;
			buildSettings = {
				ALWAYS_SEARCH_USER_PATHS = NO;
				ASSETCATALOG_COMPILER_GENERATE_SWIFT_ASSET_SYMBOL_EXTENSIONS = YES;
				CLANG_ANALYZER_NONNULL = YES;
				CLANG_ANALYZER_NUMBER_OBJECT_CONVERSION = YES_AGGRESSIVE;
				CLANG_CXX_LANGUAGE_STANDARD = "gnu++20";
				CLANG_ENABLE_MODULES = YES;
				CLANG_ENABLE_OBJC_ARC = YES;
				CLANG_ENABLE_OBJC_WEAK = YES;
				CLANG_WARN_BLOCK_CAPTURE_AUTORELEASING = YES;
				CLANG_WARN_BOOL_CONVERSION = YES;
				CLANG_WARN_COMMA = YES;
				CLANG_WARN_CONSTANT_CONVERSION = YES;
				CLANG_WARN_DEPRECATED_OBJC_IMPLEMENTATIONS = YES;
				CLANG_WARN_DIRECT_OBJC_ISA_USAGE = YES_ERROR;
				CLANG_WARN_DOCUMENTATION_COMMENTS = YES;
				CLANG_WARN_EMPTY_BODY = YES;
				CLANG_WARN_ENUM_CONVERSION = YES;
				CLANG_WARN_INFINITE_RECURSION = YES;
				CLANG_WARN_INT_CONVERSION = YES;
				CLANG_WARN_NON_LITERAL_NULL_CONVERSION = YES;
				CLANG_WARN_OBJC_IMPLICIT_RETAIN_SELF = YES;
				CLANG_WARN_OBJC_LITERAL_CONVERSION = YES;
				CLANG_WARN_OBJC_ROOT_CLASS = YES_ERROR;
				CLANG_WARN_QUOTED_INCLUDE_IN_FRAMEWORK_HEADER = YES;
				CLANG_WARN_RANGE_LOOP_ANALYSIS = YES;
				CLANG_WARN_STRICT_PROTOTYPES = YES;
				CLANG_WARN_SUSPICIOUS_MOVE = YES;
				CLANG_WARN_UNGUARDED_AVAILABILITY = YES_AGGRESSIVE;
				CLANG_WARN_UNREACHABLE_CODE = YES;
				CLANG_WARN__DUPLICATE_METHOD_MATCH = YES;
				COPY_PHASE_STRIP = NO;
				DEBUG_INFORMATION_FORMAT = "dwarf-with-dsym";
				ENABLE_NS_ASSERTIONS = NO;
				ENABLE_STRICT_OBJC_MSGSEND = YES;
				ENABLE_USER_SCRIPT_SANDBOXING = YES;
				GCC_C_LANGUAGE_STANDARD = gnu17;
				GCC_NO_COMMON_BLOCKS = YES;
				GCC_WARN_64_TO_32_BIT_CONVERSION = YES;
				GCC_WARN_ABOUT_RETURN_TYPE = YES_ERROR;
				GCC_WARN_UNDECLARED_SELECTOR = YES;
				GCC_WARN_UNINITIALIZED_AUTOS = YES_AGGRESSIVE;
				GCC_WARN_UNUSED_FUNCTION = YES;
				GCC_WARN_UNUSED_VARIABLE = YES;
				IPHONEOS_DEPLOYMENT_TARGET = 17.4;
				LOCALIZATION_PREFERS_STRING_CATALOGS = YES;
				MTL_ENABLE_DEBUG_INFO = NO;
				MTL_FAST_MATH = YES;
				SDKROOT = iphoneos;
				SWIFT_COMPILATION_MODE = wholemodule;
				VALIDATE_PRODUCT = YES;
			};
			name = Release;
		};
		A0D8EA3D2BEFFC7A00529E5C /* Debug */ = {
			isa = XCBuildConfiguration;
			buildSettings = {
				ASSETCATALOG_COMPILER_APPICON_NAME = AppIcon;
				ASSETCATALOG_COMPILER_GLOBAL_ACCENT_COLOR_NAME = AccentColor;
				CODE_SIGN_STYLE = Automatic;
				CURRENT_PROJECT_VERSION = 1;
				DEVELOPMENT_ASSET_PATHS = "\"Logistix/Preview Content\"";
				ENABLE_PREVIEWS = YES;
				GENERATE_INFOPLIST_FILE = YES;
				INFOPLIST_KEY_UIApplicationSceneManifest_Generation = YES;
				INFOPLIST_KEY_UIApplicationSupportsIndirectInputEvents = YES;
				INFOPLIST_KEY_UILaunchScreen_Generation = YES;
				INFOPLIST_KEY_UISupportedInterfaceOrientations = UIInterfaceOrientationPortrait;
				INFOPLIST_KEY_UISupportedInterfaceOrientations_iPad = "UIInterfaceOrientationLandscapeLeft UIInterfaceOrientationLandscapeRight UIInterfaceOrientationPortrait UIInterfaceOrientationPortraitUpsideDown";
				IPHONEOS_DEPLOYMENT_TARGET = 17.0;
				LD_RUNPATH_SEARCH_PATHS = (
					"$(inherited)",
					"@executable_path/Frameworks",
				);
				MARKETING_VERSION = 1.0;
				PRODUCT_BUNDLE_IDENTIFIER = wupiupi.Logistix;
				PRODUCT_NAME = "$(TARGET_NAME)";
				SUPPORTED_PLATFORMS = "iphoneos iphonesimulator";
				SUPPORTS_MACCATALYST = NO;
				SUPPORTS_MAC_DESIGNED_FOR_IPHONE_IPAD = NO;
				SUPPORTS_XR_DESIGNED_FOR_IPHONE_IPAD = NO;
				SWIFT_EMIT_LOC_STRINGS = YES;
				SWIFT_VERSION = 5.0;
				TARGETED_DEVICE_FAMILY = 1;
			};
			name = Debug;
		};
		A0D8EA3E2BEFFC7A00529E5C /* Release */ = {
			isa = XCBuildConfiguration;
			buildSettings = {
				ASSETCATALOG_COMPILER_APPICON_NAME = AppIcon;
				ASSETCATALOG_COMPILER_GLOBAL_ACCENT_COLOR_NAME = AccentColor;
				CODE_SIGN_STYLE = Automatic;
				CURRENT_PROJECT_VERSION = 1;
				DEVELOPMENT_ASSET_PATHS = "\"Logistix/Preview Content\"";
				ENABLE_PREVIEWS = YES;
				GENERATE_INFOPLIST_FILE = YES;
				INFOPLIST_KEY_UIApplicationSceneManifest_Generation = YES;
				INFOPLIST_KEY_UIApplicationSupportsIndirectInputEvents = YES;
				INFOPLIST_KEY_UILaunchScreen_Generation = YES;
				INFOPLIST_KEY_UISupportedInterfaceOrientations = UIInterfaceOrientationPortrait;
				INFOPLIST_KEY_UISupportedInterfaceOrientations_iPad = "UIInterfaceOrientationLandscapeLeft UIInterfaceOrientationLandscapeRight UIInterfaceOrientationPortrait UIInterfaceOrientationPortraitUpsideDown";
				IPHONEOS_DEPLOYMENT_TARGET = 17.0;
				LD_RUNPATH_SEARCH_PATHS = (
					"$(inherited)",
					"@executable_path/Frameworks",
				);
				MARKETING_VERSION = 1.0;
				PRODUCT_BUNDLE_IDENTIFIER = wupiupi.Logistix;
				PRODUCT_NAME = "$(TARGET_NAME)";
				SUPPORTED_PLATFORMS = "iphoneos iphonesimulator";
				SUPPORTS_MACCATALYST = NO;
				SUPPORTS_MAC_DESIGNED_FOR_IPHONE_IPAD = NO;
				SUPPORTS_XR_DESIGNED_FOR_IPHONE_IPAD = NO;
				SWIFT_EMIT_LOC_STRINGS = YES;
				SWIFT_VERSION = 5.0;
				TARGETED_DEVICE_FAMILY = 1;
			};
			name = Release;
		};
/* End XCBuildConfiguration section */

/* Begin XCConfigurationList section */
		A0D8EA292BEFFC7A00529E5C /* Build configuration list for PBXProject "Logistix" */ = {
			isa = XCConfigurationList;
			buildConfigurations = (
				A0D8EA3A2BEFFC7A00529E5C /* Debug */,
				A0D8EA3B2BEFFC7A00529E5C /* Release */,
			);
			defaultConfigurationIsVisible = 0;
			defaultConfigurationName = Release;
		};
		A0D8EA3C2BEFFC7A00529E5C /* Build configuration list for PBXNativeTarget "Logistix" */ = {
			isa = XCConfigurationList;
			buildConfigurations = (
				A0D8EA3D2BEFFC7A00529E5C /* Debug */,
				A0D8EA3E2BEFFC7A00529E5C /* Release */,
			);
			defaultConfigurationIsVisible = 0;
			defaultConfigurationName = Release;
		};
/* End XCConfigurationList section */
	};
	rootObject = A0D8EA262BEFFC7A00529E5C /* Project object */;
}
